
Microsoft Visual Studio Solution File, Format Version 12.00
# Visual Studio Version 17
VisualStudioVersion = 17.5.002.0
MinimumVisualStudioVersion = 10.0.40219.1
Project("{9A19103F-16F7-4668-BE54-9A1E7A4F7556}") = "Service", "Service.csproj", "{C99C9931-D8D6-4398-B371-2605EB5FB807}"
EndProject
Global
	GlobalSection(SolutionConfigurationPlatforms) = preSolution
		Debug|Any CPU = Debug|Any CPU
		Release|Any CPU = Release|Any CPU
	EndGlobalSection
	GlobalSection(ProjectConfigurationPlatforms) = postSolution
		{C99C9931-D8D6-4398-B371-2605EB5FB807}.Debug|Any CPU.ActiveCfg = Debug|Any CPU
		{C99C9931-D8D6-4398-B371-2605EB5FB807}.Debug|Any CPU.Build.0 = Debug|Any CPU
		{C99C9931-D8D6-4398-B371-2605EB5FB807}.Release|Any CPU.ActiveCfg = Release|Any CPU
		{C99C9931-D8D6-4398-B371-2605EB5FB807}.Release|Any CPU.Build.0 = Release|Any CPU
	EndGlobalSection
	GlobalSection(SolutionProperties) = preSolution
		HideSolutionNode = FALSE
	EndGlobalSection
	GlobalSection(ExtensibilityGlobals) = postSolution
		SolutionGuid = {F965B90D-8795-4786-8373-EDD8B5903C48}
	EndGlobalSection
EndGlobal
